
Microsoft Visual Studio Solution File, Format Version 12.00
# Visual Studio Version 17
VisualStudioVersion = 17.6.33815.320
MinimumVisualStudioVersion = 10.0.40219.1
Project("{FAE04EC0-301F-11D3-BF4B-00C04F79EFBC}") = "SimpleRemoteShell", "SimpleRemoteShell\SimpleRemoteShell.csproj", "{BD4C76E2-9A7A-49CE-8748-220E2CB38CA2}"
EndProject
Project("{FAE04EC0-301F-11D3-BF4B-00C04F79EFBC}") = "Remote", "Remote\Remote.csproj", "{6C8AED13-BC4D-473D-B920-8FDB73A4D45F}"
EndProject
Global
	GlobalSection(SolutionConfigurationPlatforms) = preSolution
		Debug|Any CPU = Debug|Any CPU
		Release|Any CPU = Release|Any CPU
	EndGlobalSection
	GlobalSection(ProjectConfigurationPlatforms) = postSolution
		{BD4C76E2-9A7A-49CE-8748-220E2CB38CA2}.Debug|Any CPU.ActiveCfg = Debug|Any CPU
		{BD4C76E2-9A7A-49CE-8748-220E2CB38CA2}.Debug|Any CPU.Build.0 = Debug|Any CPU
		{BD4C76E2-9A7A-49CE-8748-220E2CB38CA2}.Release|Any CPU.ActiveCfg = Release|Any CPU
		{BD4C76E2-9A7A-49CE-8748-220E2CB38CA2}.Release|Any CPU.Build.0 = Release|Any CPU
		{6C8AED13-BC4D-473D-B920-8FDB73A4D45F}.Debug|Any CPU.ActiveCfg = Debug|Any CPU
		{6C8AED13-BC4D-473D-B920-8FDB73A4D45F}.Debug|Any CPU.Build.0 = Debug|Any CPU
		{6C8AED13-BC4D-473D-B920-8FDB73A4D45F}.Release|Any CPU.ActiveCfg = Release|Any CPU
		{6C8AED13-BC4D-473D-B920-8FDB73A4D45F}.Release|Any CPU.Build.0 = Release|Any CPU
	EndGlobalSection
	GlobalSection(SolutionProperties) = preSolution
		HideSolutionNode = FALSE
	EndGlobalSection
	GlobalSection(ExtensibilityGlobals) = postSolution
		SolutionGuid = {51C95BE0-0520-4472-856D-BCBA01D4F5F6}
	EndGlobalSection
EndGlobal
